// !$*UTF8*$!
{
	archiveVersion = 1;
	classes = {
	};
	objectVersion = 50;
	objects = {

/* Begin PBXBuildFile section */
		BC4FB2C626487C2D00FDD859 /* PortfolioLoginApp.swift in Sources */ = {isa = PBXBuildFile; fileRef = BC4FB2C526487C2D00FDD859 /* PortfolioLoginApp.swift */; };
		BC4FB2C826487C2D00FDD859 /* ContentView.swift in Sources */ = {isa = PBXBuildFile; fileRef = BC4FB2C726487C2D00FDD859 /* ContentView.swift */; };
		BC4FB2CA26487C3000FDD859 /* Assets.xcassets in Resources */ = {isa = PBXBuildFile; fileRef = BC4FB2C926487C3000FDD859 /* Assets.xcassets */; };
		BC4FB2CD26487C3000FDD859 /* Preview Assets.xcassets in Resources */ = {isa = PBXBuildFile; fileRef = BC4FB2CC26487C3000FDD859 /* Preview Assets.xcassets */; };
		BC4FB2D526487E2200FDD859 /* HomeView.swift in Sources */ = {isa = PBXBuildFile; fileRef = BC4FB2D426487E2200FDD859 /* HomeView.swift */; };
		BC4FB2D726487E3000FDD859 /* LoginView.swift in Sources */ = {isa = PBXBuildFile; fileRef = BC4FB2D626487E3000FDD859 /* LoginView.swift */; };
		BC4FB2D926487E3D00FDD859 /* SignupView.swift in Sources */ = {isa = PBXBuildFile; fileRef = BC4FB2D826487E3D00FDD859 /* SignupView.swift */; };
		BC4FB2DB26487E4500FDD859 /* WelcomeView.swift in Sources */ = {isa = PBXBuildFile; fileRef = BC4FB2DA26487E4500FDD859 /* WelcomeView.swift */; };
		BC4FB2DD26487E4D00FDD859 /* ErrorView.swift in Sources */ = {isa = PBXBuildFile; fileRef = BC4FB2DC26487E4D00FDD859 /* ErrorView.swift */; };
/* End PBXBuildFile section */

/* Begin PBXFileReference section */
		BC4FB2C226487C2D00FDD859 /* PortfolioLogin.app */ = {isa = PBXFileReference; explicitFileType = wrapper.application; includeInIndex = 0; path = PortfolioLogin.app; sourceTree = BUILT_PRODUCTS_DIR; };
		BC4FB2C526487C2D00FDD859 /* PortfolioLoginApp.swift */ = {isa = PBXFileReference; lastKnownFileType = sourcecode.swift; path = PortfolioLoginApp.swift; sourceTree = "<group>"; };
		BC4FB2C726487C2D00FDD859 /* ContentView.swift */ = {isa = PBXFileReference; lastKnownFileType = sourcecode.swift; path = ContentView.swift; sourceTree = "<group>"; };
		BC4FB2C926487C3000FDD859 /* Assets.xcassets */ = {isa = PBXFileReference; lastKnownFileType = folder.assetcatalog; path = Assets.xcassets; sourceTree = "<group>"; };
		BC4FB2CC26487C3000FDD859 /* Preview Assets.xcassets */ = {isa = PBXFileReference; lastKnownFileType = folder.assetcatalog; path = "Preview Assets.xcassets"; sourceTree = "<group>"; };
		BC4FB2CE26487C3000FDD859 /* Info.plist */ = {isa = PBXFileReference; lastKnownFileType = text.plist.xml; path = Info.plist; sourceTree = "<group>"; };
		BC4FB2D426487E2200FDD859 /* HomeView.swift */ = {isa = PBXFileReference; fileEncoding = 4; lastKnownFileType = sourcecode.swift; path = HomeView.swift; sourceTree = "<group>"; };
		BC4FB2D626487E3000FDD859 /* LoginView.swift */ = {isa = PBXFileReference; fileEncoding = 4; lastKnownFileType = sourcecode.swift; path = LoginView.swift; sourceTree = "<group>"; };
		BC4FB2D826487E3D00FDD859 /* SignupView.swift */ = {isa = PBXFileReference; fileEncoding = 4; lastKnownFileType = sourcecode.swift; path = SignupView.swift; sourceTree = "<group>"; };
		BC4FB2DA26487E4500FDD859 /* WelcomeView.swift */ = {isa = PBXFileReference; fileEncoding = 4; lastKnownFileType = sourcecode.swift; path = WelcomeView.swift; sourceTree = "<group>"; };
		BC4FB2DC26487E4D00FDD859 /* ErrorView.swift */ = {isa = PBXFileReference; fileEncoding = 4; lastKnownFileType = sourcecode.swift; path = ErrorView.swift; sourceTree = "<group>"; };
/* End PBXFileReference section */

/* Begin PBXFrameworksBuildPhase section */
		BC4FB2BF26487C2D00FDD859 /* Frameworks */ = {
			isa = PBXFrameworksBuildPhase;
			buildActionMask = 2147483647;
			files = (
			);
			runOnlyForDeploymentPostprocessing = 0;
		};
/* End PBXFrameworksBuildPhase section */

/* Begin PBXGroup section */
		BC4FB2B926487C2D00FDD859 = {
			isa = PBXGroup;
			children = (
				BC4FB2C426487C2D00FDD859 /* PortfolioLogin */,
				BC4FB2C326487C2D00FDD859 /* Products */,
			);
			sourceTree = "<group>";
		};
		BC4FB2C326487C2D00FDD859 /* Products */ = {
			isa = PBXGroup;
			children = (
				BC4FB2C226487C2D00FDD859 /* PortfolioLogin.app */,
			);
			name = Products;
			sourceTree = "<group>";
		};
		BC4FB2C426487C2D00FDD859 /* PortfolioLogin */ = {
			isa = PBXGroup;
			children = (
				BC4FB2C526487C2D00FDD859 /* PortfolioLoginApp.swift */,
				BC4FB2C726487C2D00FDD859 /* ContentView.swift */,
				BC4FB2D426487E2200FDD859 /* HomeView.swift */,
				BC4FB2D626487E3000FDD859 /* LoginView.swift */,
				BC4FB2D826487E3D00FDD859 /* SignupView.swift */,
				BC4FB2DA26487E4500FDD859 /* WelcomeView.swift */,
				BC4FB2DC26487E4D00FDD859 /* ErrorView.swift */,
				BC4FB2C926487C3000FDD859 /* Assets.xcassets */,
				BC4FB2CE26487C3000FDD859 /* Info.plist */,
				BC4FB2CB26487C3000FDD859 /* Preview Content */,
			);
			path = PortfolioLogin;
			sourceTree = "<group>";
		};
		BC4FB2CB26487C3000FDD859 /* Preview Content */ = {
			isa = PBXGroup;
			children = (
				BC4FB2CC26487C3000FDD859 /* Preview Assets.xcassets */,
			);
			path = "Preview Content";
			sourceTree = "<group>";
		};
/* End PBXGroup section */

/* Begin PBXNativeTarget section */
		BC4FB2C126487C2D00FDD859 /* PortfolioLogin */ = {
			isa = PBXNativeTarget;
			buildConfigurationList = BC4FB2D126487C3000FDD859 /* Build configuration list for PBXNativeTarget "PortfolioLogin" */;
			buildPhases = (
				BC4FB2BE26487C2D00FDD859 /* Sources */,
				BC4FB2BF26487C2D00FDD859 /* Frameworks */,
				BC4FB2C026487C2D00FDD859 /* Resources */,
			);
			buildRules = (
			);
			dependencies = (
			);
			name = PortfolioLogin;
			productName = PortfolioLogin;
			productReference = BC4FB2C226487C2D00FDD859 /* PortfolioLogin.app */;
			productType = "com.apple.product-type.application";
		};
/* End PBXNativeTarget section */

/* Begin PBXProject section */
		BC4FB2BA26487C2D00FDD859 /* Project object */ = {
			isa = PBXProject;
			attributes = {
				LastSwiftUpdateCheck = 1250;
				LastUpgradeCheck = 1250;
				TargetAttributes = {
					BC4FB2C126487C2D00FDD859 = {
						CreatedOnToolsVersion = 12.5;
					};
				};
			};
			buildConfigurationList = BC4FB2BD26487C2D00FDD859 /* Build configuration list for PBXProject "PortfolioLogin" */;
			compatibilityVersion = "Xcode 9.3";
			developmentRegion = en;
			hasScannedForEncodings = 0;
			knownRegions = (
				en,
				Base,
			);
			mainGroup = BC4FB2B926487C2D00FDD859;
			productRefGroup = BC4FB2C326487C2D00FDD859 /* Products */;
			projectDirPath = "";
			projectRoot = "";
			targets = (
				BC4FB2C126487C2D00FDD859 /* PortfolioLogin */,
			);
		};
/* End PBXProject section */

/* Begin PBXResourcesBuildPhase section */
		BC4FB2C026487C2D00FDD859 /* Resources */ = {
			isa = PBXResourcesBuildPhase;
			buildActionMask = 2147483647;
			files = (
				BC4FB2CD26487C3000FDD859 /* Preview Assets.xcassets in Resources */,
				BC4FB2CA26487C3000FDD859 /* Assets.xcassets in Resources */,
			);
			runOnlyForDeploymentPostprocessing = 0;
		};
/* End PBXResourcesBuildPhase section */

/* Begin PBXSourcesBuildPhase section */
		BC4FB2BE26487C2D00FDD859 /* Sources */ = {
			isa = PBXSourcesBuildPhase;
			buildActionMask = 2147483647;
			files = (
				BC4FB2D526487E2200FDD859 /* HomeView.swift in Sources */,
				BC4FB2DB26487E4500FDD859 /* WelcomeView.swift in Sources */,
				BC4FB2C826487C2D00FDD859 /* ContentView.swift in Sources */,
				BC4FB2D726487E3000FDD859 /* LoginView.swift in Sources */,
				BC4FB2DD26487E4D00FDD859 /* ErrorView.swift in Sources */,
				BC4FB2C626487C2D00FDD859 /* PortfolioLoginApp.swift in Sources */,
				BC4FB2D926487E3D00FDD859 /* SignupView.swift in Sources */,
			);
			runOnlyForDeploymentPostprocessing = 0;
		};
/* End PBXSourcesBuildPhase section */

/* Begin XCBuildConfiguration section */
		BC4FB2CF26487C3000FDD859 /* Debug */ = {
			isa = XCBuildConfiguration;
			buildSettings = {
				ALWAYS_SEARCH_USER_PATHS = NO;
				CLANG_ANALYZER_NONNULL = YES;
				CLANG_ANALYZER_NUMBER_OBJECT_CONVERSION = YES_AGGRESSIVE;
				CLANG_CXX_LANGUAGE_STANDARD = "gnu++14";
				CLANG_CXX_LIBRARY = "libc++";
				CLANG_ENABLE_MODULES = YES;
				CLANG_ENABLE_OBJC_ARC = YES;
				CLANG_ENABLE_OBJC_WEAK = YES;
				CLANG_WARN_BLOCK_CAPTURE_AUTORELEASING = YES;
				CLANG_WARN_BOOL_CONVERSION = YES;
				CLANG_WARN_COMMA = YES;
				CLANG_WARN_CONSTANT_CONVERSION = YES;
				CLANG_WARN_DEPRECATED_OBJC_IMPLEMENTATIONS = YES;
				CLANG_WARN_DIRECT_OBJC_ISA_USAGE = YES_ERROR;
				CLANG_WARN_DOCUMENTATION_COMMENTS = YES;
				CLANG_WARN_EMPTY_BODY = YES;
				CLANG_WARN_ENUM_CONVERSION = YES;
				CLANG_WARN_INFINITE_RECURSION = YES;
				CLANG_WARN_INT_CONVERSION = YES;
				CLANG_WARN_NON_LITERAL_NULL_CONVERSION = YES;
				CLANG_WARN_OBJC_IMPLICIT_RETAIN_SELF = YES;
				CLANG_WARN_OBJC_LITERAL_CONVERSION = YES;
				CLANG_WARN_OBJC_ROOT_CLASS = YES_ERROR;
				CLANG_WARN_QUOTED_INCLUDE_IN_FRAMEWORK_HEADER = YES;
				CLANG_WARN_RANGE_LOOP_ANALYSIS = YES;
				CLANG_WARN_STRICT_PROTOTYPES = YES;
				CLANG_WARN_SUSPICIOUS_MOVE = YES;
				CLANG_WARN_UNGUARDED_AVAILABILITY = YES_AGGRESSIVE;
				CLANG_WARN_UNREACHABLE_CODE = YES;
				CLANG_WARN__DUPLICATE_METHOD_MATCH = YES;
				COPY_PHASE_STRIP = NO;
				DEBUG_INFORMATION_FORMAT = dwarf;
				ENABLE_STRICT_OBJC_MSGSEND = YES;
				ENABLE_TESTABILITY = YES;
				GCC_C_LANGUAGE_STANDARD = gnu11;
				GCC_DYNAMIC_NO_PIC = NO;
				GCC_NO_COMMON_BLOCKS = YES;
				GCC_OPTIMIZATION_LEVEL = 0;
				GCC_PREPROCESSOR_DEFINITIONS = (
					"DEBUG=1",
					"$(inherited)",
				);
				GCC_WARN_64_TO_32_BIT_CONVERSION = YES;
				GCC_WARN_ABOUT_RETURN_TYPE = YES_ERROR;
				GCC_WARN_UNDECLARED_SELECTOR = YES;
				GCC_WARN_UNINITIALIZED_AUTOS = YES_AGGRESSIVE;
				GCC_WARN_UNUSED_FUNCTION = YES;
				GCC_WARN_UNUSED_VARIABLE = YES;
				IPHONEOS_DEPLOYMENT_TARGET = 14.5;
				MTL_ENABLE_DEBUG_INFO = INCLUDE_SOURCE;
				MTL_FAST_MATH = YES;
				ONLY_ACTIVE_ARCH = YES;
				SDKROOT = iphoneos;
				SWIFT_ACTIVE_COMPILATION_CONDITIONS = DEBUG;
				SWIFT_OPTIMIZATION_LEVEL = "-Onone";
			};
			name = Debug;
		};
		BC4FB2D026487C3000FDD859 /* Release */ = {
			isa = XCBuildConfiguration;
			buildSettings = {
				ALWAYS_SEARCH_USER_PATHS = NO;
				CLANG_ANALYZER_NONNULL = YES;
				CLANG_ANALYZER_NUMBER_OBJECT_CONVERSION = YES_AGGRESSIVE;
				CLANG_CXX_LANGUAGE_STANDARD = "gnu++14";
				CLANG_CXX_LIBRARY = "libc++";
				CLANG_ENABLE_MODULES = YES;
				CLANG_ENABLE_OBJC_ARC = YES;
				CLANG_ENABLE_OBJC_WEAK = YES;
				CLANG_WARN_BLOCK_CAPTURE_AUTORELEASING = YES;
				CLANG_WARN_BOOL_CONVERSION = YES;
				CLANG_WARN_COMMA = YES;
				CLANG_WARN_CONSTANT_CONVERSION = YES;
				CLANG_WARN_DEPRECATED_OBJC_IMPLEMENTATIONS = YES;
				CLANG_WARN_DIRECT_OBJC_ISA_USAGE = YES_ERROR;
				CLANG_WARN_DOCUMENTATION_COMMENTS = YES;
				CLANG_WARN_EMPTY_BODY = YES;
				CLANG_WARN_ENUM_CONVERSION = YES;
				CLANG_WARN_INFINITE_RECURSION = YES;
				CLANG_WARN_INT_CONVERSION = YES;
				CLANG_WARN_NON_LITERAL_NULL_CONVERSION = YES;
				CLANG_WARN_OBJC_IMPLICIT_RETAIN_SELF = YES;
				CLANG_WARN_OBJC_LITERAL_CONVERSION = YES;
				CLANG_WARN_OBJC_ROOT_CLASS = YES_ERROR;
				CLANG_WARN_QUOTED_INCLUDE_IN_FRAMEWORK_HEADER = YES;
				CLANG_WARN_RANGE_LOOP_ANALYSIS = YES;
				CLANG_WARN_STRICT_PROTOTYPES = YES;
				CLANG_WARN_SUSPICIOUS_MOVE = YES;
				CLANG_WARN_UNGUARDED_AVAILABILITY = YES_AGGRESSIVE;
				CLANG_WARN_UNREACHABLE_CODE = YES;
				CLANG_WARN__DUPLICATE_METHOD_MATCH = YES;
				COPY_PHASE_STRIP = NO;
				DEBUG_INFORMATION_FORMAT = "dwarf-with-dsym";
				ENABLE_NS_ASSERTIONS = NO;
				ENABLE_STRICT_OBJC_MSGSEND = YES;
				GCC_C_LANGUAGE_STANDARD = gnu11;
				GCC_NO_COMMON_BLOCKS = YES;
				GCC_WARN_64_TO_32_BIT_CONVERSION = YES;
				GCC_WARN_ABOUT_RETURN_TYPE = YES_ERROR;
				GCC_WARN_UNDECLARED_SELECTOR = YES;
				GCC_WARN_UNINITIALIZED_AUTOS = YES_AGGRESSIVE;
				GCC_WARN_UNUSED_FUNCTION = YES;
				GCC_WARN_UNUSED_VARIABLE = YES;
				IPHONEOS_DEPLOYMENT_TARGET = 14.5;
				MTL_ENABLE_DEBUG_INFO = NO;
				MTL_FAST_MATH = YES;
				SDKROOT = iphoneos;
				SWIFT_COMPILATION_MODE = wholemodule;
				SWIFT_OPTIMIZATION_LEVEL = "-O";
				VALIDATE_PRODUCT = YES;
			};
			name = Release;
		};
		BC4FB2D226487C3000FDD859 /* Debug */ = {
			isa = XCBuildConfiguration;
			buildSettings = {
				ASSETCATALOG_COMPILER_APPICON_NAME = AppIcon;
				ASSETCATALOG_COMPILER_GLOBAL_ACCENT_COLOR_NAME = AccentColor;
				CODE_SIGN_STYLE = Automatic;
				DEVELOPMENT_ASSET_PATHS = "\"PortfolioLogin/Preview Content\"";
				DEVELOPMENT_TEAM = 676A84J3QT;
				ENABLE_PREVIEWS = YES;
				INFOPLIST_FILE = PortfolioLogin/Info.plist;
				IPHONEOS_DEPLOYMENT_TARGET = 14.0;
				LD_RUNPATH_SEARCH_PATHS = (
					"$(inherited)",
					"@executable_path/Frameworks",
				);
				PRODUCT_BUNDLE_IDENTIFIER = com.RyanKanno.PortfolioLogin;
				PRODUCT_NAME = "$(TARGET_NAME)";
				SWIFT_VERSION = 5.0;
				TARGETED_DEVICE_FAMILY = "1,2";
			};
			name = Debug;
		};
		BC4FB2D326487C3000FDD859 /* Release */ = {
			isa = XCBuildConfiguration;
			buildSettings = {
				ASSETCATALOG_COMPILER_APPICON_NAME = AppIcon;
				ASSETCATALOG_COMPILER_GLOBAL_ACCENT_COLOR_NAME = AccentColor;
				CODE_SIGN_STYLE = Automatic;
				DEVELOPMENT_ASSET_PATHS = "\"PortfolioLogin/Preview Content\"";
				DEVELOPMENT_TEAM = 676A84J3QT;
				ENABLE_PREVIEWS = YES;
				INFOPLIST_FILE = PortfolioLogin/Info.plist;
				IPHONEOS_DEPLOYMENT_TARGET = 14.0;
				LD_RUNPATH_SEARCH_PATHS = (
					"$(inherited)",
					"@executable_path/Frameworks",
				);
				PRODUCT_BUNDLE_IDENTIFIER = com.RyanKanno.PortfolioLogin;
				PRODUCT_NAME = "$(TARGET_NAME)";
				SWIFT_VERSION = 5.0;
				TARGETED_DEVICE_FAMILY = "1,2";
			};
			name = Release;
		};
/* End XCBuildConfiguration section */

/* Begin XCConfigurationList section */
		BC4FB2BD26487C2D00FDD859 /* Build configuration list for PBXProject "PortfolioLogin" */ = {
			isa = XCConfigurationList;
			buildConfigurations = (
				BC4FB2CF26487C3000FDD859 /* Debug */,
				BC4FB2D026487C3000FDD859 /* Release */,
			);
			defaultConfigurationIsVisible = 0;
			defaultConfigurationName = Release;
		};
		BC4FB2D126487C3000FDD859 /* Build configuration list for PBXNativeTarget "PortfolioLogin" */ = {
			isa = XCConfigurationList;
			buildConfigurations = (
				BC4FB2D226487C3000FDD859 /* Debug */,
				BC4FB2D326487C3000FDD859 /* Release */,
			);
			defaultConfigurationIsVisible = 0;
			defaultConfigurationName = Release;
		};
/* End XCConfigurationList section */
	};
	rootObject = BC4FB2BA26487C2D00FDD859 /* Project object */;
}
